
Microsoft Visual Studio Solution File, Format Version 12.00
# Visual Studio 15
VisualStudioVersion = 15.0.26403.3
MinimumVisualStudioVersion = 10.0.40219.1
Project("{8BC9CEB8-8B4A-11D0-8D11-00A0C91BC942}") = "std__unordered_map", "std__unordered_map\std__unordered_map.vcxproj", "{6501FF8F-5235-4B6D-B6F5-6A67B6328FA0}"
EndProject
Global
	GlobalSection(SolutionConfigurationPlatforms) = preSolution
		Debug|x64 = Debug|x64
		Debug|x86 = Debug|x86
		Release|x64 = Release|x64
		Release|x86 = Release|x86
	EndGlobalSection
	GlobalSection(ProjectConfigurationPlatforms) = postSolution
		{6501FF8F-5235-4B6D-B6F5-6A67B6328FA0}.Debug|x64.ActiveCfg = Debug|x64
		{6501FF8F-5235-4B6D-B6F5-6A67B6328FA0}.Debug|x64.Build.0 = Debug|x64
		{6501FF8F-5235-4B6D-B6F5-6A67B6328FA0}.Debug|x86.ActiveCfg = Debug|Win32
		{6501FF8F-5235-4B6D-B6F5-6A67B6328FA0}.Debug|x86.Build.0 = Debug|Win32
		{6501FF8F-5235-4B6D-B6F5-6A67B6328FA0}.Release|x64.ActiveCfg = Release|x64
		{6501FF8F-5235-4B6D-B6F5-6A67B6328FA0}.Release|x64.Build.0 = Release|x64
		{6501FF8F-5235-4B6D-B6F5-6A67B6328FA0}.Release|x86.ActiveCfg = Release|Win32
		{6501FF8F-5235-4B6D-B6F5-6A67B6328FA0}.Release|x86.Build.0 = Release|Win32
	EndGlobalSection
	GlobalSection(SolutionProperties) = preSolution
		HideSolutionNode = FALSE
	EndGlobalSection
EndGlobal
